<?xml version="1.0" encoding="utf-8"?>
<Project ToolsVersion="4.0" xmlns="http://schemas.microsoft.com/developer/msbuild/2003">
  <ItemGroup>
    <Filter Include="Source Files">
      <UniqueIdentifier>{4FC737F1-C7A5-4376-A066-2A32D752A2FF}</UniqueIdentifier>
      <Extensions>cpp;c;cc;cxx;def;odl;idl;hpj;bat;asm;asmx</Extensions>
    </Filter>
    <Filter Include="Header Files">
      <UniqueIdentifier>{93995380-89BD-4b04-88EB-625FBE52EBFB}</UniqueIdentifier>
      <Extensions>h;hpp;hxx;hm;inl;inc;xsd</Extensions>
    </Filter>
    <Filter Include="Header Files\audio">
      <UniqueIdentifier>{aae60316-4c10-44f4-9c04-cfcb8bdd700d}</UniqueIdentifier>
    </Filter>
    <Filter Include="Header Files\graphics">
      <UniqueIdentifier>{d6ab3339-64c1-402c-af2b-aec744769929}</UniqueIdentifier>
    </Filter>
    <Filter Include="Header Files\helper">
      <UniqueIdentifier>{042a5bf0-5c26-4017-b574-db1dfaedf342}</UniqueIdentifier>
    </Filter>
    <Filter Include="Header Files\network">
      <UniqueIdentifier>{2751dca3-bf37-49b1-8e82-8f9708667d89}</UniqueIdentifier>
    </Filter>
    <Filter Include="Header Files\system">
      <UniqueIdentifier>{ff7df71e-91ff-432b-a21f-2dbf3cd81175}</UniqueIdentifier>
    </Filter>
    <Filter Include="Header Files\physics">
      <UniqueIdentifier>{b349e785-a567-499f-ade7-1f3cea387433}</UniqueIdentifier>
    </Filter>
    <Filter Include="Header Files\scene">
      <UniqueIdentifier>{c1cdf1eb-9983-4eb3-82fd-d7ffcf517322}</UniqueIdentifier>
    </Filter>
    <Filter Include="Header Files\state">
      <UniqueIdentifier>{2ae1f016-4dff-42d2-85d0-38d2f6d22546}</UniqueIdentifier>
    </Filter>
    <Filter Include="Source Files\audio">
      <UniqueIdentifier>{9183d2bd-3916-48a1-ae33-8686a48f69ad}</UniqueIdentifier>
    </Filter>
    <Filter Include="Source Files\graphics">
      <UniqueIdentifier>{fc9eb471-ea15-4faf-ad11-76e21e6d8aeb}</UniqueIdentifier>
    </Filter>
    <Filter Include="Source Files\helper">
      <UniqueIdentifier>{9ed40528-16e6-4074-9d83-a2718234fc5f}</UniqueIdentifier>
    </Filter>
    <Filter Include="Source Files\network">
      <UniqueIdentifier>{4b08940b-c232-4be0-86d0-18e8d4fb22a5}</UniqueIdentifier>
    </Filter>
    <Filter Include="Source Files\system">
      <UniqueIdentifier>{cad4b1a5-4f80-421a-987e-1f6f36b35453}</UniqueIdentifier>
    </Filter>
    <Filter Include="Source Files\physics">
      <UniqueIdentifier>{73733d01-ff7d-42a4-8e54-8bcec2f73fee}</UniqueIdentifier>
    </Filter>
    <Filter Include="Source Files\scene">
      <UniqueIdentifier>{47f7d5f4-f3df-4ba6-97b1-3b2e7601c7ce}</UniqueIdentifier>
    </Filter>
    <Filter Include="Source Files\state">
      <UniqueIdentifier>{f0f32a52-453c-494a-91d0-09bf74deeeac}</UniqueIdentifier>
    </Filter>
  </ItemGroup>
  <ItemGroup>
    <ClInclude Include="src\graphics\console.h">
      <Filter>Header Files\graphics</Filter>
    </ClInclude>
    <ClInclude Include="src\graphics\renderer.h">
      <Filter>Header Files\graphics</Filter>
    </ClInclude>
    <ClInclude Include="src\graphics\graphics.h">
      <Filter>Header Files\graphics</Filter>
    </ClInclude>
    <ClInclude Include="src\graphics\hud.h">
      <Filter>Header Files\graphics</Filter>
    </ClInclude>
    <ClInclude Include="src\graphics\Lighting.h">
      <Filter>Header Files\graphics</Filter>
    </ClInclude>
    <ClInclude Include="src\graphics\Material.h">
      <Filter>Header Files\graphics</Filter>
    </ClInclude>
    <ClInclude Include="src\graphics\OGLFT.h">
      <Filter>Header Files\graphics</Filter>
    </ClInclude>
    <ClInclude Include="src\helper\camera.h">
      <Filter>Header Files\helper</Filter>
    </ClInclude>
    <ClInclude Include="src\helper\FBOHelper.h">
      <Filter>Header Files\helper</Filter>
    </ClInclude>
    <ClInclude Include="src\helper\GLSL_helper.h">
      <Filter>Header Files\helper</Filter>
    </ClInclude>
    <ClInclude Include="src\helper\Vector.h">
      <Filter>Header Files\helper</Filter>
    </ClInclude>
    <ClInclude Include="src\network\NetworkClient.h">
      <Filter>Header Files\network</Filter>
    </ClInclude>
    <ClInclude Include="src\network\NetworkServer.h">
      <Filter>Header Files\network</Filter>
    </ClInclude>
    <ClInclude Include="src\physics\Physics.h">
      <Filter>Header Files\physics</Filter>
    </ClInclude>
    <ClInclude Include="src\state\BuildState.h">
      <Filter>Header Files\state</Filter>
    </ClInclude>
    <ClInclude Include="src\state\CarnageState.h">
      <Filter>Header Files\state</Filter>
    </ClInclude>
    <ClInclude Include="src\state\E_State.h">
      <Filter>Header Files\state</Filter>
    </ClInclude>
    <ClInclude Include="src\state\InGameState.h">
      <Filter>Header Files\state</Filter>
    </ClInclude>
    <ClInclude Include="src\state\PhysObj.h">
      <Filter>Header Files\state</Filter>
    </ClInclude>
    <ClInclude Include="src\state\Preferences.h">
      <Filter>Header Files\state</Filter>
    </ClInclude>
    <ClInclude Include="src\state\StateManager.h">
      <Filter>Header Files\state</Filter>
    </ClInclude>
    <ClInclude Include="src\system\gl_helper.h">
      <Filter>Header Files\system</Filter>
    </ClInclude>
    <ClInclude Include="src\system\global.h">
      <Filter>Header Files\system</Filter>
    </ClInclude>
    <ClInclude Include="src\system\io.h">
      <Filter>Header Files\system</Filter>
    </ClInclude>
  </ItemGroup>
  <ItemGroup>
    <ClCompile Include="src\graphics\console.cpp">
      <Filter>Source Files\graphics</Filter>
    </ClCompile>
    <ClCompile Include="src\graphics\graphics.cpp">
      <Filter>Source Files\graphics</Filter>
    </ClCompile>
    <ClCompile Include="src\graphics\hud.cpp">
      <Filter>Source Files\graphics</Filter>
    </ClCompile>
    <ClCompile Include="src\graphics\Lighting.cpp">
      <Filter>Source Files\graphics</Filter>
    </ClCompile>
    <ClCompile Include="src\graphics\OGLFT.cpp">
      <Filter>Source Files\graphics</Filter>
    </ClCompile>
    <ClCompile Include="src\graphics\renderer.cpp">
      <Filter>Source Files\graphics</Filter>
    </ClCompile>
    <ClCompile Include="src\helper\FBOHelper.cpp">
      <Filter>Source Files\helper</Filter>
    </ClCompile>
    <ClCompile Include="src\helper\GLSL_helper.cpp">
      <Filter>Source Files\helper</Filter>
    </ClCompile>
    <ClCompile Include="src\helper\Vector.cpp">
      <Filter>Source Files\helper</Filter>
    </ClCompile>
    <ClCompile Include="src\network\NetworkClient.cpp">
      <Filter>Source Files\network</Filter>
    </ClCompile>
    <ClCompile Include="src\network\NetworkServer.cpp">
      <Filter>Source Files\network</Filter>
    </ClCompile>
    <ClCompile Include="src\physics\Physics.cpp">
      <Filter>Source Files\physics</Filter>
    </ClCompile>
    <ClCompile Include="src\state\BuildState.cpp">
      <Filter>Source Files\state</Filter>
    </ClCompile>
    <ClCompile Include="src\state\CarnageState.cpp">
      <Filter>Source Files\state</Filter>
    </ClCompile>
    <ClCompile Include="src\state\InGameState.cpp">
      <Filter>Source Files\state</Filter>
    </ClCompile>
    <ClCompile Include="src\state\PhysObj.cpp">
      <Filter>Source Files\state</Filter>
    </ClCompile>
    <ClCompile Include="src\state\StateManager.cpp">
      <Filter>Source Files\state</Filter>
    </ClCompile>
    <ClCompile Include="src\system\global.cpp">
      <Filter>Source Files\system</Filter>
    </ClCompile>
    <ClCompile Include="src\system\io.cpp">
      <Filter>Source Files\system</Filter>
    </ClCompile>
    <ClCompile Include="src\system\main.cpp">
      <Filter>Source Files\system</Filter>
    </ClCompile>
  </ItemGroup>
</Project>