<?xml version="1.0" encoding="utf-8"?>
<Project ToolsVersion="4.0" xmlns="http://schemas.microsoft.com/developer/msbuild/2003">
  <ItemGroup>
    <Filter Include="Source Files">
      <UniqueIdentifier>{4FC737F1-C7A5-4376-A066-2A32D752A2FF}</UniqueIdentifier>
      <Extensions>cpp;c;cc;cxx;def;odl;idl;hpj;bat;asm;asmx</Extensions>
    </Filter>
    <Filter Include="Header Files">
      <UniqueIdentifier>{93995380-89BD-4b04-88EB-625FBE52EBFB}</UniqueIdentifier>
      <Extensions>h;hpp;hxx;hm;inl;inc;xsd</Extensions>
    </Filter>
    <Filter Include="Source Files\audio">
      <UniqueIdentifier>{e8d888d9-c797-4d11-a7b6-99323e4789bd}</UniqueIdentifier>
    </Filter>
    <Filter Include="Source Files\system">
      <UniqueIdentifier>{40eec17b-1396-471c-b8c7-ceccdcd7fa25}</UniqueIdentifier>
    </Filter>
    <Filter Include="Source Files\graphics">
      <UniqueIdentifier>{4a7a3f73-67a7-4cca-a033-f0e39f0a8a2d}</UniqueIdentifier>
    </Filter>
    <Filter Include="Source Files\helper">
      <UniqueIdentifier>{8334e5a3-8eeb-4660-b62d-8c33a2edba7c}</UniqueIdentifier>
    </Filter>
    <Filter Include="Source Files\network">
      <UniqueIdentifier>{c5a93227-5e9d-40a2-bbc7-c4e15ca1090f}</UniqueIdentifier>
    </Filter>
    <Filter Include="Source Files\physics">
      <UniqueIdentifier>{bff1f923-d82b-4bb1-a093-27766c61a71d}</UniqueIdentifier>
    </Filter>
    <Filter Include="Source Files\scene">
      <UniqueIdentifier>{1734e122-2fac-4314-9fbe-3911372ea0ce}</UniqueIdentifier>
    </Filter>
    <Filter Include="Source Files\state">
      <UniqueIdentifier>{246df3c1-6b2c-4ab9-9f7b-01a9c56509d5}</UniqueIdentifier>
    </Filter>
    <Filter Include="Header Files\audio">
      <UniqueIdentifier>{6cc8741f-154b-4ad1-b7c4-5231be21e365}</UniqueIdentifier>
    </Filter>
    <Filter Include="Header Files\system">
      <UniqueIdentifier>{e980ea49-b114-4c91-96ad-3cbfca30432e}</UniqueIdentifier>
    </Filter>
    <Filter Include="Header Files\graphics">
      <UniqueIdentifier>{da735e27-dbf2-45aa-addd-be0b1f864aca}</UniqueIdentifier>
    </Filter>
    <Filter Include="Header Files\helper">
      <UniqueIdentifier>{4cd55cc7-a6eb-4eaa-a61d-e5c5f06a4fe5}</UniqueIdentifier>
    </Filter>
    <Filter Include="Header Files\network">
      <UniqueIdentifier>{d1f84016-5ba9-4582-8c9e-19a84aba3827}</UniqueIdentifier>
    </Filter>
    <Filter Include="Header Files\physics">
      <UniqueIdentifier>{4c642df9-4e20-4242-99b7-8f399424e712}</UniqueIdentifier>
    </Filter>
    <Filter Include="Header Files\scene">
      <UniqueIdentifier>{bcadc415-7dd6-49a8-b3e1-f38ce65bcf9e}</UniqueIdentifier>
    </Filter>
    <Filter Include="Header Files\state">
      <UniqueIdentifier>{bc9f9c6a-a453-41be-90c9-84181e780c86}</UniqueIdentifier>
    </Filter>
    <Filter Include="Header Files\math">
      <UniqueIdentifier>{febc6a98-1ddf-4f2e-862e-fc7be6ef33ba}</UniqueIdentifier>
    </Filter>
    <Filter Include="Source Files\math">
      <UniqueIdentifier>{ebb8a300-9d19-4946-8f5d-854539676880}</UniqueIdentifier>
    </Filter>
  </ItemGroup>
  <ItemGroup>
    <ClCompile Include="src\system\global.cpp">
      <Filter>Source Files\system</Filter>
    </ClCompile>
    <ClCompile Include="src\system\io.cpp">
      <Filter>Source Files\system</Filter>
    </ClCompile>
    <ClCompile Include="src\system\main.cpp">
      <Filter>Source Files\system</Filter>
    </ClCompile>
    <ClCompile Include="src\graphics\console.cpp">
      <Filter>Source Files\graphics</Filter>
    </ClCompile>
    <ClCompile Include="src\graphics\graphics.cpp">
      <Filter>Source Files\graphics</Filter>
    </ClCompile>
    <ClCompile Include="src\graphics\hud.cpp">
      <Filter>Source Files\graphics</Filter>
    </ClCompile>
    <ClCompile Include="src\graphics\Lighting.cpp">
      <Filter>Source Files\graphics</Filter>
    </ClCompile>
    <ClCompile Include="src\graphics\OGLFT.cpp">
      <Filter>Source Files\graphics</Filter>
    </ClCompile>
    <ClCompile Include="src\graphics\renderer.cpp">
      <Filter>Source Files\graphics</Filter>
    </ClCompile>
    <ClCompile Include="src\helper\FBOHelper.cpp">
      <Filter>Source Files\helper</Filter>
    </ClCompile>
    <ClCompile Include="src\helper\GLSL_helper.cpp">
      <Filter>Source Files\helper</Filter>
    </ClCompile>
    <ClCompile Include="src\helper\Vector.cpp">
      <Filter>Source Files\helper</Filter>
    </ClCompile>
    <ClCompile Include="src\network\NetworkClient.cpp">
      <Filter>Source Files\network</Filter>
    </ClCompile>
    <ClCompile Include="src\network\NetworkServer.cpp">
      <Filter>Source Files\network</Filter>
    </ClCompile>
    <ClCompile Include="src\physics\Physics.cpp">
      <Filter>Source Files\physics</Filter>
    </ClCompile>
    <ClCompile Include="src\state\BuildState.cpp">
      <Filter>Source Files\state</Filter>
    </ClCompile>
    <ClCompile Include="src\state\CarnageState.cpp">
      <Filter>Source Files\state</Filter>
    </ClCompile>
    <ClCompile Include="src\state\InGameState.cpp">
      <Filter>Source Files\state</Filter>
    </ClCompile>
    <ClCompile Include="src\state\PhysObj.cpp">
      <Filter>Source Files\state</Filter>
    </ClCompile>
    <ClCompile Include="src\state\StateManager.cpp">
      <Filter>Source Files\state</Filter>
    </ClCompile>
    <ClCompile Include="src\scene\WorldObject.cpp">
      <Filter>Source Files\scene</Filter>
    </ClCompile>
    <ClCompile Include="src\math\quaternion.cpp">
      <Filter>Source Files\math</Filter>
    </ClCompile>
    <ClCompile Include="src\helper\luahelper.cpp">
      <Filter>Source Files\helper</Filter>
    </ClCompile>
    <ClCompile Include="src\scene\factory.cpp">
      <Filter>Source Files\scene</Filter>
    </ClCompile>
  </ItemGroup>
  <ItemGroup>
    <ClInclude Include="src\system\global.h">
      <Filter>Header Files\system</Filter>
    </ClInclude>
    <ClInclude Include="src\system\gl_helper.h">
      <Filter>Header Files\system</Filter>
    </ClInclude>
    <ClInclude Include="src\system\io.h">
      <Filter>Header Files\system</Filter>
    </ClInclude>
    <ClInclude Include="src\graphics\console.h">
      <Filter>Header Files\graphics</Filter>
    </ClInclude>
    <ClInclude Include="src\graphics\graphics.h">
      <Filter>Header Files\graphics</Filter>
    </ClInclude>
    <ClInclude Include="src\graphics\hud.h">
      <Filter>Header Files\graphics</Filter>
    </ClInclude>
    <ClInclude Include="src\graphics\Lighting.h">
      <Filter>Header Files\graphics</Filter>
    </ClInclude>
    <ClInclude Include="src\graphics\Material.h">
      <Filter>Header Files\graphics</Filter>
    </ClInclude>
    <ClInclude Include="src\graphics\OGLFT.h">
      <Filter>Header Files\graphics</Filter>
    </ClInclude>
    <ClInclude Include="src\graphics\renderer.h">
      <Filter>Header Files\graphics</Filter>
    </ClInclude>
    <ClInclude Include="src\helper\camera.h">
      <Filter>Header Files\helper</Filter>
    </ClInclude>
    <ClInclude Include="src\helper\FBOHelper.h">
      <Filter>Header Files\helper</Filter>
    </ClInclude>
    <ClInclude Include="src\helper\GLSL_helper.h">
      <Filter>Header Files\helper</Filter>
    </ClInclude>
    <ClInclude Include="src\helper\Vector.h">
      <Filter>Header Files\helper</Filter>
    </ClInclude>
    <ClInclude Include="src\network\NetworkClient.h">
      <Filter>Header Files\network</Filter>
    </ClInclude>
    <ClInclude Include="src\network\NetworkServer.h">
      <Filter>Header Files\network</Filter>
    </ClInclude>
    <ClInclude Include="src\physics\Physics.h">
      <Filter>Header Files\physics</Filter>
    </ClInclude>
    <ClInclude Include="src\state\BuildState.h">
      <Filter>Header Files\state</Filter>
    </ClInclude>
    <ClInclude Include="src\state\CarnageState.h">
      <Filter>Header Files\state</Filter>
    </ClInclude>
    <ClInclude Include="src\state\E_State.h">
      <Filter>Header Files\state</Filter>
    </ClInclude>
    <ClInclude Include="src\state\InGameState.h">
      <Filter>Header Files\state</Filter>
    </ClInclude>
    <ClInclude Include="src\state\PhysObj.h">
      <Filter>Header Files\state</Filter>
    </ClInclude>
    <ClInclude Include="src\state\Preferences.h">
      <Filter>Header Files\state</Filter>
    </ClInclude>
    <ClInclude Include="src\state\StateManager.h">
      <Filter>Header Files\state</Filter>
    </ClInclude>
    <ClInclude Include="src\scene\WorldObject.h">
      <Filter>Header Files\scene</Filter>
    </ClInclude>
    <ClInclude Include="src\math\quaternion.h">
      <Filter>Header Files\math</Filter>
    </ClInclude>
    <ClInclude Include="src\helper\luahelper.h">
      <Filter>Header Files\helper</Filter>
    </ClInclude>
    <ClInclude Include="src\scene\factory.h">
      <Filter>Header Files\scene</Filter>
    </ClInclude>
    <ClInclude Include="src\scene\blueprint.h">
      <Filter>Header Files\scene</Filter>
    </ClInclude>
  </ItemGroup>
</Project>